{
    "_readme": [
        "This file locks the dependencies of your project to a known state",
        "Read more about it at https://getcomposer.org/doc/01-basic-usage.md#composer-lock-the-lock-file",
        "This file is @generated automatically"
    ],
    "hash": "14071abfa34ee815d9410088fee862f5",
    "packages": [
        {
            "name": "mardy-git/hmac",
            "version": "v2.3.3",
            "source": {
                "type": "git",
                "url": "https://github.com/mardy-git/hmac.git",
                "reference": "f0c4d62de776e105d6c9b17161210c80b234cc0a"
            },
            "dist": {
                "type": "zip",
                "url": "https://api.github.com/repos/mardy-git/hmac/zipball/f0c4d62de776e105d6c9b17161210c80b234cc0a",
                "reference": "f0c4d62de776e105d6c9b17161210c80b234cc0a",
                "shasum": ""
            },
            "require": {
                "php": ">=5.5"
            },
            "require-dev": {
                "phpunit/phpunit": "4.5.0"
            },
            "suggest": {
                "guzzlehttp/guzzle": "This is required to use the HmacHeadersGuzzlePlugin. The plugin will auto inject your HMAC headers into a HTTP request using Guzzle 4+"
            },
            "type": "library",
            "autoload": {
                "psr-0": {
                    "Mardy\\Hmac": "src/"
                }
            },
            "notification-url": "https://packagist.org/downloads/",
            "license": [
                "WTFPL"
            ],
            "authors": [
                {
                    "name": "Michael Bardsley",
                    "email": "me@mic-b.co.uk"
                }
            ],
            "description": "A keyed-Hash Message Authentication Code (HMAC). Used for application to application authentication.",
            "homepage": "http://github.com/mardy-git/hmac",
            "keywords": [
                "Authentication",
                "bcrypt",
                "guzzle-plugin",
                "hash",
                "hmac",
                "pbkdf2"
            ],
            "time": "2015-08-29 20:50:34"
        }
    ],
    "packages-dev": null,
    "aliases": [],
    "minimum-stability": "stable",
    "stability-flags": {
        "silex/silex": 20
    },
    "prefer-stable": false,
    "prefer-lowest": false,
    "platform": {
        "php": ">=5.5"
    },
    "platform-dev": []
}
